{
  "name": "@statebox/stbx-cli",
  "version": "0.0.1",
  "lockfileVersion": 1,
  "requires": true,
  "dependencies": {
    "@statebox/stbx-js": {
      "version": "0.0.22",
      "resolved": "https://registry.npmjs.org/@statebox/stbx-js/-/stbx-js-0.0.22.tgz",
      "integrity": "sha512-ITNcqKIPRIowZXouTKY1whjL3uZC87q+C+T0hIhtsQT/VSG6tTdobJWjSFlJgJaRQlED9jYoAoVjCdU2WCvVKw=="
    },
    "commander": {
      "version": "2.19.0",
      "resolved": "https://registry.npmjs.org/commander/-/commander-2.19.0.tgz",
      "integrity": "sha512-6tvAOO+D6OENvRAh524Dh9jcfKTYDQAqvqezbCW82xj5X0pSrcpxtvRKHLG0yBY6SD7PSDrJaj+0AiOcKVd1Xg=="
    },
    "get-stdin": {
      "version": "6.0.0",
      "resolved": "https://registry.npmjs.org/get-stdin/-/get-stdin-6.0.0.tgz",
      "integrity": "sha512-jp4tHawyV7+fkkSKyvjuLZswblUtz+SQKzSWnBbii16BuZksJlU1wuBYXY75r+duh/llF1ur6oNwi+2ZzjKZ7g=="
    }
  }
}
