{
  "name": "cli-tool.git",
  "version": "1.0.0",
  "lockfileVersion": 1,
  "requires": true,
  "dependencies": {
    "@statebox/stbx-js": {
      "version": "0.0.21",
      "resolved": "https://registry.npmjs.org/@statebox/stbx-js/-/stbx-js-0.0.21.tgz",
      "integrity": "sha512-IK8igMEx1c/hMxStJ43ZDz0ztK7+yA42cDTtOfTPtg9dDhDG+44ZmJRsqF8v2S1MYD7+x7SfJID2rNI20yJcEQ=="
    },
    "commander": {
      "version": "2.19.0",
      "resolved": "https://registry.npmjs.org/commander/-/commander-2.19.0.tgz",
      "integrity": "sha512-6tvAOO+D6OENvRAh524Dh9jcfKTYDQAqvqezbCW82xj5X0pSrcpxtvRKHLG0yBY6SD7PSDrJaj+0AiOcKVd1Xg=="
    },
    "get-stdin": {
      "version": "6.0.0",
      "resolved": "https://registry.npmjs.org/get-stdin/-/get-stdin-6.0.0.tgz",
      "integrity": "sha512-jp4tHawyV7+fkkSKyvjuLZswblUtz+SQKzSWnBbii16BuZksJlU1wuBYXY75r+duh/llF1ur6oNwi+2ZzjKZ7g=="
    }
  }
}
